
Microsoft Visual Studio Solution File, Format Version 10.00
# Visual Studio 2008
Project("{FAE04EC0-301F-11D3-BF4B-00C04F79EFBC}") = "Aula 15-10-11", "Aula 15-10-11\Aula 15-10-11.csproj", "{E8B1AE87-9CC8-43C0-BB5B-05D65A9186AD}"
EndProject
Global
	GlobalSection(SolutionConfigurationPlatforms) = preSolution
		Debug|Any CPU = Debug|Any CPU
		Release|Any CPU = Release|Any CPU
	EndGlobalSection
	GlobalSection(ProjectConfigurationPlatforms) = postSolution
		{E8B1AE87-9CC8-43C0-BB5B-05D65A9186AD}.Debug|Any CPU.ActiveCfg = Debug|Any CPU
		{E8B1AE87-9CC8-43C0-BB5B-05D65A9186AD}.Debug|Any CPU.Build.0 = Debug|Any CPU
		{E8B1AE87-9CC8-43C0-BB5B-05D65A9186AD}.Release|Any CPU.ActiveCfg = Release|Any CPU
		{E8B1AE87-9CC8-43C0-BB5B-05D65A9186AD}.Release|Any CPU.Build.0 = Release|Any CPU
	EndGlobalSection
	GlobalSection(SolutionProperties) = preSolution
		HideSolutionNode = FALSE
	EndGlobalSection
EndGlobal
